github.com/antlr/antlr4 v0.0.0-20190819145818-b43a4c3a8015 h1:StuiJFxQUsxSCzcby6NFZRdEhPkXD5vxN7TZ4MD6T84=
github.com/antlr/antlr4 v0.0.0-20190819145818-b43a4c3a8015/go.mod h1:T7PbCXFs94rrTttyxjbyT5+/1V8T2TYDejxUfHJjw1Y=
github.com/golang/glog v0.0.0-20160126235308-23def4e6c14b h1:VKtxabqXZkF25pY9ekfRL6a582T4P37/31XEstQ5p58=
github.com/golang/glog v0.0.0-20160126235308-23def4e6c14b/go.mod h1:SBH7ygxi8pfUlaOkMMuAQtPIUF8ecWP5IEl/CR7VP2Q=
